PODS:
  - battery_plus (1.0.0):
    - Flutter
  - countly_flutter (26.1.0):
    - Flutter
  - Flutter (1.0.0)

DEPENDENCIES:
  - battery_plus (from `.symlinks/plugins/battery_plus/ios`)
  - countly_flutter (from `.symlinks/plugins/countly_flutter/ios`)
  - Flutter (from `Flutter`)

EXTERNAL SOURCES:
  battery_plus:
    :path: ".symlinks/plugins/battery_plus/ios"
  countly_flutter:
    :path: ".symlinks/plugins/countly_flutter/ios"
  Flutter:
    :path: Flutter

SPEC CHECKSUMS:
  battery_plus: ae71a65eceb5680dfc7a1d926f6cde59a1b219d0
  countly_flutter: e1ae99904fa88ea7e8993eea6451f4bea1bfee5e
  Flutter: cabc95a1d2626b1b06e7179b784ebcf0c0cde467

PODFILE CHECKSUM: 53a6aebc29ccee84c41f92f409fc20cd4ca011f1

COCOAPODS: 1.17.0
